
Microsoft Visual Studio Solution File, Format Version 12.00
# Visual Studio Version 17
VisualStudioVersion = 17.7.34024.191
MinimumVisualStudioVersion = 10.0.40219.1
Project("{FAE04EC0-301F-11D3-BF4B-00C04F79EFBC}") = "StockMarketDashboard", "StockMarketDashboard.csproj", "{FC4A574A-0792-4413-9B9C-354DB76F32A3}"
EndProject
Global
	GlobalSection(SolutionConfigurationPlatforms) = preSolution
		Debug|Any CPU = Debug|Any CPU
		Release|Any CPU = Release|Any CPU
	EndGlobalSection
	GlobalSection(ProjectConfigurationPlatforms) = postSolution
		{FC4A574A-0792-4413-9B9C-354DB76F32A3}.Debug|Any CPU.ActiveCfg = Debug|Any CPU
		{FC4A574A-0792-4413-9B9C-354DB76F32A3}.Debug|Any CPU.Build.0 = Debug|Any CPU
		{FC4A574A-0792-4413-9B9C-354DB76F32A3}.Release|Any CPU.ActiveCfg = Release|Any CPU
		{FC4A574A-0792-4413-9B9C-354DB76F32A3}.Release|Any CPU.Build.0 = Release|Any CPU
	EndGlobalSection
	GlobalSection(SolutionProperties) = preSolution
		HideSolutionNode = FALSE
	EndGlobalSection
	GlobalSection(ExtensibilityGlobals) = postSolution
		SolutionGuid = {03C19BF5-DA4A-440B-976E-9252588FF5A4}
	EndGlobalSection
EndGlobal
